
Microsoft Visual Studio Solution File, Format Version 12.00
# Visual Studio 15
VisualStudioVersion = 15.0.27703.2035
MinimumVisualStudioVersion = 10.0.40219.1
Project("{FAE04EC0-301F-11D3-BF4B-00C04F79EFBC}") = "ConsoleApp1", "ConsoleApp1\ConsoleApp1.csproj", "{843CB7F4-F50E-4B02-921D-C9AAE52BEBDE}"
EndProject
Project("{FAE04EC0-301F-11D3-BF4B-00C04F79EFBC}") = "Ex10_Pr04_Weather", "Ex10_Pr04_Weather\Ex10_Pr04_Weather.csproj", "{7C2A3E38-8748-41CC-9E9F-6EF5C9162D6C}"
EndProject
Project("{FAE04EC0-301F-11D3-BF4B-00C04F79EFBC}") = "EX10_Pr03_CameraView_REGEX", "EX10_Pr03_CameraView_REGEX\EX10_Pr03_CameraView_REGEX.csproj", "{CB17A76C-17A6-44AF-9A42-7BA7D6CD6FF6}"
EndProject
Global
	GlobalSection(SolutionConfigurationPlatforms) = preSolution
		Debug|Any CPU = Debug|Any CPU
		Release|Any CPU = Release|Any CPU
	EndGlobalSection
	GlobalSection(ProjectConfigurationPlatforms) = postSolution
		{843CB7F4-F50E-4B02-921D-C9AAE52BEBDE}.Debug|Any CPU.ActiveCfg = Debug|Any CPU
		{843CB7F4-F50E-4B02-921D-C9AAE52BEBDE}.Debug|Any CPU.Build.0 = Debug|Any CPU
		{843CB7F4-F50E-4B02-921D-C9AAE52BEBDE}.Release|Any CPU.ActiveCfg = Release|Any CPU
		{843CB7F4-F50E-4B02-921D-C9AAE52BEBDE}.Release|Any CPU.Build.0 = Release|Any CPU
		{7C2A3E38-8748-41CC-9E9F-6EF5C9162D6C}.Debug|Any CPU.ActiveCfg = Debug|Any CPU
		{7C2A3E38-8748-41CC-9E9F-6EF5C9162D6C}.Debug|Any CPU.Build.0 = Debug|Any CPU
		{7C2A3E38-8748-41CC-9E9F-6EF5C9162D6C}.Release|Any CPU.ActiveCfg = Release|Any CPU
		{7C2A3E38-8748-41CC-9E9F-6EF5C9162D6C}.Release|Any CPU.Build.0 = Release|Any CPU
		{CB17A76C-17A6-44AF-9A42-7BA7D6CD6FF6}.Debug|Any CPU.ActiveCfg = Debug|Any CPU
		{CB17A76C-17A6-44AF-9A42-7BA7D6CD6FF6}.Debug|Any CPU.Build.0 = Debug|Any CPU
		{CB17A76C-17A6-44AF-9A42-7BA7D6CD6FF6}.Release|Any CPU.ActiveCfg = Release|Any CPU
		{CB17A76C-17A6-44AF-9A42-7BA7D6CD6FF6}.Release|Any CPU.Build.0 = Release|Any CPU
	EndGlobalSection
	GlobalSection(SolutionProperties) = preSolution
		HideSolutionNode = FALSE
	EndGlobalSection
	GlobalSection(ExtensibilityGlobals) = postSolution
		SolutionGuid = {ABB8971F-FA67-48E8-8CC8-A949D55AB9FA}
	EndGlobalSection
EndGlobal
