
Microsoft Visual Studio Solution File, Format Version 12.00
# Visual Studio 15
VisualStudioVersion = 15.0.27703.2000
MinimumVisualStudioVersion = 10.0.40219.1
Project("{9A19103F-16F7-4668-BE54-9A1E7A4F7556}") = "25.Apr.2018 Pr01RageExpences", "25.Apr.2018 Pr01RageExpences\25.Apr.2018 Pr01RageExpences.csproj", "{B3CA387A-8549-4347-8C7C-163CB69CB96A}"
EndProject
Project("{9A19103F-16F7-4668-BE54-9A1E7A4F7556}") = "25.Apr.2018 Pr02 Memory View", "25.Apr.2018 Pr02 Memory View\25.Apr.2018 Pr02 Memory View.csproj", "{24AC5381-62A1-4313-9529-98E91B4C231B}"
EndProject
Project("{9A19103F-16F7-4668-BE54-9A1E7A4F7556}") = "25.Apr.2018 Pr03 Tseam Account", "25.Apr.2018 Pr03 Tseam Account\25.Apr.2018 Pr03 Tseam Account.csproj", "{D0754535-1C5C-4DE7-BC3A-4CD6AF5F7B35}"
EndProject
Project("{9A19103F-16F7-4668-BE54-9A1E7A4F7556}") = "25.Apr.2018 Pr04 MOBO Chalenger", "25.Apr.2018 Pr04 MOBO Chalenger\25.Apr.2018 Pr04 MOBO Chalenger.csproj", "{C95A447E-2721-474B-AED8-BDDD73025D9F}"
EndProject
Project("{9A19103F-16F7-4668-BE54-9A1E7A4F7556}") = "04.March.2018 Pr01 Padawan Equipment", "04.March.2018 Pr01 Padawan Equipment\04.March.2018 Pr01 Padawan Equipment.csproj", "{0D8B0794-11F3-4AA5-BD84-F9EF51A75AD5}"
EndProject
Project("{9A19103F-16F7-4668-BE54-9A1E7A4F7556}") = "04.March.2018 Pr03 Star Enigma", "04.March.2018 Pr03 Star Enigma\04.March.2018 Pr03 Star Enigma.csproj", "{6630B767-9015-4AB8-A7A8-7C457FCD8EA1}"
EndProject
Project("{9A19103F-16F7-4668-BE54-9A1E7A4F7556}") = "04.March.2018 Pr04 ForceBook", "04.March.2018 Pr04 ForceBook\04.March.2018 Pr04 ForceBook.csproj", "{6A12A95F-36E2-48A9-8089-0D9917E80A2F}"
EndProject
Project("{9A19103F-16F7-4668-BE54-9A1E7A4F7556}") = "05.Jan.2018 Pr01 Snowballs", "05.Jan.2018 Pr01 Snowballs\05.Jan.2018 Pr01 Snowballs.csproj", "{0AA2A441-EB84-4CCD-AE62-96DFB8647901}"
EndProject
Project("{9A19103F-16F7-4668-BE54-9A1E7A4F7556}") = "05.Jan.2018 Pr02 Snowmen", "05.Jan.2018 Pr02 Snowmen\05.Jan.2018 Pr02 Snowmen.csproj", "{F31093AC-5A9A-48B4-831E-3D7128BCE5DC}"
EndProject
Project("{9A19103F-16F7-4668-BE54-9A1E7A4F7556}") = "05.Jan.2018 Pr3 Snowflake", "05.Jan.2018 Pr3 Snowflake\05.Jan.2018 Pr3 Snowflake.csproj", "{0118FC29-D7A7-4C97-A536-75A8A94A3DA0}"
EndProject
Project("{9A19103F-16F7-4668-BE54-9A1E7A4F7556}") = "05.Jan.2018 Pr04 SnowWhite", "05.Jan.2018 Pr04 SnowWhite\05.Jan.2018 Pr04 SnowWhite.csproj", "{6E6DCE38-E7E4-4D9A-A1FA-EF7E6F4147C6}"
EndProject
Project("{9A19103F-16F7-4668-BE54-9A1E7A4F7556}") = "04.March.2018 Pr02 Kamino Factory", "04.March.2018 Pr02 Kamino Factory\04.March.2018 Pr02 Kamino Factory.csproj", "{E28E89DE-77B9-4144-8022-9BC19A9B8942}"
EndProject
Project("{9A19103F-16F7-4668-BE54-9A1E7A4F7556}") = "05_Nov_2017_Pr01_Anonymous Downsite", "05_Nov_2017_Pr01_Anonymous Downsite\05_Nov_2017_Pr01_Anonymous Downsite.csproj", "{3234969B-189A-4752-B4F9-6142A68293CB}"
EndProject
Project("{9A19103F-16F7-4668-BE54-9A1E7A4F7556}") = "ExamPprepII_Pr01_ChariryMarathon", "ExamPprepII_Pr01_ChariryMarathon\ExamPprepII_Pr01_ChariryMarathon.csproj", "{65BAED15-0DC7-4799-9523-7F957ED6729E}"
EndProject
Project("{9A19103F-16F7-4668-BE54-9A1E7A4F7556}") = "ExamPrepII_Pr02_Ladybugs", "ExamPrepII_Pr02_Ladybugs\ExamPrepII_Pr02_Ladybugs.csproj", "{F978659A-60C6-493E-BF05-686D8A068B5F}"
EndProject
Project("{9A19103F-16F7-4668-BE54-9A1E7A4F7556}") = "09.July.2017_Pr01_Poke_Mon", "09.July.2017_Pr01_Poke_Mon\09.July.2017_Pr01_Poke_Mon.csproj", "{5A1CFAC8-93AD-4DA5-BB2D-A544C0A9DC99}"
EndProject
Project("{9A19103F-16F7-4668-BE54-9A1E7A4F7556}") = "09_July_2017_Pr02_PockemonDontGo", "09_July_2017_Pr02_PockemonDontGo\09_July_2017_Pr02_PockemonDontGo.csproj", "{B553FFD6-AFB0-465E-94AD-31D9866ED08B}"
EndProject
Project("{9A19103F-16F7-4668-BE54-9A1E7A4F7556}") = "09_July_2017_Pr04_PokemonEvolutions", "09_July_2017_Pr04_PokemonEvolutions\09_July_2017_Pr04_PokemonEvolutions.csproj", "{13183AD6-F60E-45FF-AC87-E9E1D59C41D8}"
EndProject
Project("{9A19103F-16F7-4668-BE54-9A1E7A4F7556}") = "05_Jan_2018_SnowWhite var 2", "05_Jan_2018_SnowWhite var 2\05_Jan_2018_SnowWhite var 2.csproj", "{7E71CCE1-E4F4-49A2-911C-ECCDD8497FFE}"
EndProject
Project("{9A19103F-16F7-4668-BE54-9A1E7A4F7556}") = "05_Nov_2018_Pr03_AnonimousVox_var2", "05_Nov_2018_Pr03_AnonimousVox_var2\05_Nov_2018_Pr03_AnonimousVox_var2.csproj", "{EB36FAEB-F5F7-4C1B-B9FC-BADB286A7164}"
EndProject
Project("{9A19103F-16F7-4668-BE54-9A1E7A4F7556}") = "05_Nov_2018_Pr03_AnonimousVox", "05_Nov_2018_Pr03_AnonimousVox\05_Nov_2018_Pr03_AnonimousVox.csproj", "{548AA887-8A31-4A06-B501-015BD1B09340}"
EndProject
Project("{9A19103F-16F7-4668-BE54-9A1E7A4F7556}") = "05_Nov_2017_Pr02_Anonymous_Threat", "05_Nov_2017_Pr02 Anonymous Threat\05_Nov_2017_Pr02_Anonymous_Threat.csproj", "{DAA3340D-417A-4FAC-9180-E6EEA7DD2F24}"
EndProject
Project("{9A19103F-16F7-4668-BE54-9A1E7A4F7556}") = "ExamPrepII_Pr03_NetherRealms", "ExamPrepII_Pr03_NetherRealms\ExamPrepII_Pr03_NetherRealms.csproj", "{D4A03E68-E33F-43A0-A498-077190D70723}"
EndProject
Project("{9A19103F-16F7-4668-BE54-9A1E7A4F7556}") = "ExamPrepII_Pr04_RoliTheCoder", "ExamPrepII_Pr04_RoliTheCoder\ExamPrepII_Pr04_RoliTheCoder.csproj", "{F7525440-FB0E-48AA-8E2E-DB4E79CCE390}"
EndProject
Project("{9A19103F-16F7-4668-BE54-9A1E7A4F7556}") = "05.Jan.2018 Pr01 Snowballs var2", "_05_Jan_2018_Pr01_Snowballs_var2\05.Jan.2018 Pr01 Snowballs var2.csproj", "{5B75E430-77EF-4CC4-90D9-D9DC81E6CD0B}"
EndProject
Project("{9A19103F-16F7-4668-BE54-9A1E7A4F7556}") = "ExamPrepIII_Pr03_RageQuit", "ExamPrepIII_Pr03_RageQuit\ExamPrepIII_Pr03_RageQuit.csproj", "{F0CD630D-124B-458D-BE01-429B4969E169}"
EndProject
Project("{9A19103F-16F7-4668-BE54-9A1E7A4F7556}") = "ExamPrepIII_Pr04_File", "ExamPrepIII_Pr04_File\ExamPrepIII_Pr04_File.csproj", "{FA150292-D2FF-4154-A665-C82232A94626}"
EndProject
Project("{9A19103F-16F7-4668-BE54-9A1E7A4F7556}") = "ExamPrepIII_Pr01_SoftUniCoffeeOrder", "ExamPrepIII_Pr01_SoftUniCoffeeOrder\ExamPrepIII_Pr01_SoftUniCoffeeOrder.csproj", "{E0251AC7-0816-4E9E-ACDE-B17AD1F32587}"
EndProject
Project("{9A19103F-16F7-4668-BE54-9A1E7A4F7556}") = "ExamPrepIII_Pr02_Command_Interpreter", "ExamPrepIII_Pr02_Command_Interpreter\ExamPrepIII_Pr02_Command_Interpreter.csproj", "{E0AD5A20-4E87-40B9-86F6-E6803D7279F9}"
EndProject
Project("{9A19103F-16F7-4668-BE54-9A1E7A4F7556}") = "05_Nov_2018_Pr04_AnonimousCache", "05_Nov_2018_Pr04_AnonimousCache\05_Nov_2018_Pr04_AnonimousCache.csproj", "{7FC9D030-76A0-4ADF-AE16-32609D469CE8}"
EndProject
Project("{9A19103F-16F7-4668-BE54-9A1E7A4F7556}") = "ExamPrepIV_Pr02_Array_Manipulator", "ExamPrepIV_Pr02_Array_Manipulator\ExamPrepIV_Pr02_Array_Manipulator.csproj", "{A302DEA3-750F-48C0-A796-7D6A11780618}"
EndProject
Project("{9A19103F-16F7-4668-BE54-9A1E7A4F7556}") = "ExamPrepIV_Pr01_Sweet_Dessert", "ExamPrepIV_Pr01_Sweet_Dessert\ExamPrepIV_Pr01_Sweet_Dessert.csproj", "{2C9A56C8-E2CE-4EA6-9AF1-21ED288A7FA3}"
EndProject
Project("{9A19103F-16F7-4668-BE54-9A1E7A4F7556}") = "ExamPrepIV_Pr04_Cubics_Messages", "ExamPrepIV_Pr04_Cubics_Messages\ExamPrepIV_Pr04_Cubics_Messages.csproj", "{2FF45F51-A237-4D97-BD8D-182B815D4B1E}"
EndProject
Project("{9A19103F-16F7-4668-BE54-9A1E7A4F7556}") = "ExamPrepIV_Pr03_Football_Standings", "ExamPrepIV_Pr03_Football_Standings\ExamPrepIV_Pr03_Football_Standings.csproj", "{700258E3-28A3-411C-8E83-F4CF200FEDC0}"
EndProject
Project("{9A19103F-16F7-4668-BE54-9A1E7A4F7556}") = "ExamPrepIV_Pr02_Array_Manipulator_var_2", "ExamPrepIV_Pr02_Array_Manipulator_var_2\ExamPrepIV_Pr02_Array_Manipulator_var_2.csproj", "{246BCE68-EE65-441B-9637-864BB6B2534B}"
EndProject
Project("{9A19103F-16F7-4668-BE54-9A1E7A4F7556}") = "26_Feb_2017_Hornet_Wings", "26_Feb_2017_Hornet_Wings\26_Feb_2017_Hornet_Wings.csproj", "{4DC0BEBF-4A9E-437C-8DDA-C906E4840A70}"
EndProject
Project("{9A19103F-16F7-4668-BE54-9A1E7A4F7556}") = "26_Feb_2017_Pr02_Hornet_Comm", "26_Feb_2017_Pr02_Hornet_Comm\26_Feb_2017_Pr02_Hornet_Comm.csproj", "{EC4DD138-9686-4421-9665-B8108B2F7CCE}"
EndProject
Project("{FAE04EC0-301F-11D3-BF4B-00C04F79EFBC}") = "_26_Feb_2017_Pr03_Hornet_Assault", "_26_Feb_2017_Pr03_Hornet_Assault\_26_Feb_2017_Pr03_Hornet_Assault.csproj", "{57DEC62C-5EB3-46B0-942F-B2C7429AB562}"
EndProject
Project("{FAE04EC0-301F-11D3-BF4B-00C04F79EFBC}") = "26_Feb_2017_Pr04_Hornet_Armada", "26_Feb_2017_Pr04_Hornet_Armada\26_Feb_2017_Pr04_Hornet_Armada.csproj", "{76A5309E-2774-45D1-B89A-1E3F1EA28ED8}"
EndProject
Project("{FAE04EC0-301F-11D3-BF4B-00C04F79EFBC}") = "ConsoleApp1", "ConsoleApp1\ConsoleApp1.csproj", "{49FA9970-B45F-4F41-96E7-F9BFBFDBDBAB}"
EndProject
Global
	GlobalSection(SolutionConfigurationPlatforms) = preSolution
		Debug|Any CPU = Debug|Any CPU
		Release|Any CPU = Release|Any CPU
	EndGlobalSection
	GlobalSection(ProjectConfigurationPlatforms) = postSolution
		{B3CA387A-8549-4347-8C7C-163CB69CB96A}.Debug|Any CPU.ActiveCfg = Debug|Any CPU
		{B3CA387A-8549-4347-8C7C-163CB69CB96A}.Debug|Any CPU.Build.0 = Debug|Any CPU
		{B3CA387A-8549-4347-8C7C-163CB69CB96A}.Release|Any CPU.ActiveCfg = Release|Any CPU
		{B3CA387A-8549-4347-8C7C-163CB69CB96A}.Release|Any CPU.Build.0 = Release|Any CPU
		{24AC5381-62A1-4313-9529-98E91B4C231B}.Debug|Any CPU.ActiveCfg = Debug|Any CPU
		{24AC5381-62A1-4313-9529-98E91B4C231B}.Debug|Any CPU.Build.0 = Debug|Any CPU
		{24AC5381-62A1-4313-9529-98E91B4C231B}.Release|Any CPU.ActiveCfg = Release|Any CPU
		{24AC5381-62A1-4313-9529-98E91B4C231B}.Release|Any CPU.Build.0 = Release|Any CPU
		{D0754535-1C5C-4DE7-BC3A-4CD6AF5F7B35}.Debug|Any CPU.ActiveCfg = Debug|Any CPU
		{D0754535-1C5C-4DE7-BC3A-4CD6AF5F7B35}.Debug|Any CPU.Build.0 = Debug|Any CPU
		{D0754535-1C5C-4DE7-BC3A-4CD6AF5F7B35}.Release|Any CPU.ActiveCfg = Release|Any CPU
		{D0754535-1C5C-4DE7-BC3A-4CD6AF5F7B35}.Release|Any CPU.Build.0 = Release|Any CPU
		{C95A447E-2721-474B-AED8-BDDD73025D9F}.Debug|Any CPU.ActiveCfg = Debug|Any CPU
		{C95A447E-2721-474B-AED8-BDDD73025D9F}.Debug|Any CPU.Build.0 = Debug|Any CPU
		{C95A447E-2721-474B-AED8-BDDD73025D9F}.Release|Any CPU.ActiveCfg = Release|Any CPU
		{C95A447E-2721-474B-AED8-BDDD73025D9F}.Release|Any CPU.Build.0 = Release|Any CPU
		{0D8B0794-11F3-4AA5-BD84-F9EF51A75AD5}.Debug|Any CPU.ActiveCfg = Debug|Any CPU
		{0D8B0794-11F3-4AA5-BD84-F9EF51A75AD5}.Debug|Any CPU.Build.0 = Debug|Any CPU
		{0D8B0794-11F3-4AA5-BD84-F9EF51A75AD5}.Release|Any CPU.ActiveCfg = Release|Any CPU
		{0D8B0794-11F3-4AA5-BD84-F9EF51A75AD5}.Release|Any CPU.Build.0 = Release|Any CPU
		{6630B767-9015-4AB8-A7A8-7C457FCD8EA1}.Debug|Any CPU.ActiveCfg = Debug|Any CPU
		{6630B767-9015-4AB8-A7A8-7C457FCD8EA1}.Debug|Any CPU.Build.0 = Debug|Any CPU
		{6630B767-9015-4AB8-A7A8-7C457FCD8EA1}.Release|Any CPU.ActiveCfg = Release|Any CPU
		{6630B767-9015-4AB8-A7A8-7C457FCD8EA1}.Release|Any CPU.Build.0 = Release|Any CPU
		{6A12A95F-36E2-48A9-8089-0D9917E80A2F}.Debug|Any CPU.ActiveCfg = Debug|Any CPU
		{6A12A95F-36E2-48A9-8089-0D9917E80A2F}.Debug|Any CPU.Build.0 = Debug|Any CPU
		{6A12A95F-36E2-48A9-8089-0D9917E80A2F}.Release|Any CPU.ActiveCfg = Release|Any CPU
		{6A12A95F-36E2-48A9-8089-0D9917E80A2F}.Release|Any CPU.Build.0 = Release|Any CPU
		{0AA2A441-EB84-4CCD-AE62-96DFB8647901}.Debug|Any CPU.ActiveCfg = Debug|Any CPU
		{0AA2A441-EB84-4CCD-AE62-96DFB8647901}.Debug|Any CPU.Build.0 = Debug|Any CPU
		{0AA2A441-EB84-4CCD-AE62-96DFB8647901}.Release|Any CPU.ActiveCfg = Release|Any CPU
		{0AA2A441-EB84-4CCD-AE62-96DFB8647901}.Release|Any CPU.Build.0 = Release|Any CPU
		{F31093AC-5A9A-48B4-831E-3D7128BCE5DC}.Debug|Any CPU.ActiveCfg = Debug|Any CPU
		{F31093AC-5A9A-48B4-831E-3D7128BCE5DC}.Debug|Any CPU.Build.0 = Debug|Any CPU
		{F31093AC-5A9A-48B4-831E-3D7128BCE5DC}.Release|Any CPU.ActiveCfg = Release|Any CPU
		{F31093AC-5A9A-48B4-831E-3D7128BCE5DC}.Release|Any CPU.Build.0 = Release|Any CPU
		{0118FC29-D7A7-4C97-A536-75A8A94A3DA0}.Debug|Any CPU.ActiveCfg = Debug|Any CPU
		{0118FC29-D7A7-4C97-A536-75A8A94A3DA0}.Debug|Any CPU.Build.0 = Debug|Any CPU
		{0118FC29-D7A7-4C97-A536-75A8A94A3DA0}.Release|Any CPU.ActiveCfg = Release|Any CPU
		{0118FC29-D7A7-4C97-A536-75A8A94A3DA0}.Release|Any CPU.Build.0 = Release|Any CPU
		{6E6DCE38-E7E4-4D9A-A1FA-EF7E6F4147C6}.Debug|Any CPU.ActiveCfg = Debug|Any CPU
		{6E6DCE38-E7E4-4D9A-A1FA-EF7E6F4147C6}.Debug|Any CPU.Build.0 = Debug|Any CPU
		{6E6DCE38-E7E4-4D9A-A1FA-EF7E6F4147C6}.Release|Any CPU.ActiveCfg = Release|Any CPU
		{6E6DCE38-E7E4-4D9A-A1FA-EF7E6F4147C6}.Release|Any CPU.Build.0 = Release|Any CPU
		{E28E89DE-77B9-4144-8022-9BC19A9B8942}.Debug|Any CPU.ActiveCfg = Debug|Any CPU
		{E28E89DE-77B9-4144-8022-9BC19A9B8942}.Debug|Any CPU.Build.0 = Debug|Any CPU
		{E28E89DE-77B9-4144-8022-9BC19A9B8942}.Release|Any CPU.ActiveCfg = Release|Any CPU
		{E28E89DE-77B9-4144-8022-9BC19A9B8942}.Release|Any CPU.Build.0 = Release|Any CPU
		{3234969B-189A-4752-B4F9-6142A68293CB}.Debug|Any CPU.ActiveCfg = Debug|Any CPU
		{3234969B-189A-4752-B4F9-6142A68293CB}.Debug|Any CPU.Build.0 = Debug|Any CPU
		{3234969B-189A-4752-B4F9-6142A68293CB}.Release|Any CPU.ActiveCfg = Release|Any CPU
		{3234969B-189A-4752-B4F9-6142A68293CB}.Release|Any CPU.Build.0 = Release|Any CPU
		{65BAED15-0DC7-4799-9523-7F957ED6729E}.Debug|Any CPU.ActiveCfg = Debug|Any CPU
		{65BAED15-0DC7-4799-9523-7F957ED6729E}.Debug|Any CPU.Build.0 = Debug|Any CPU
		{65BAED15-0DC7-4799-9523-7F957ED6729E}.Release|Any CPU.ActiveCfg = Release|Any CPU
		{65BAED15-0DC7-4799-9523-7F957ED6729E}.Release|Any CPU.Build.0 = Release|Any CPU
		{F978659A-60C6-493E-BF05-686D8A068B5F}.Debug|Any CPU.ActiveCfg = Debug|Any CPU
		{F978659A-60C6-493E-BF05-686D8A068B5F}.Debug|Any CPU.Build.0 = Debug|Any CPU
		{F978659A-60C6-493E-BF05-686D8A068B5F}.Release|Any CPU.ActiveCfg = Release|Any CPU
		{F978659A-60C6-493E-BF05-686D8A068B5F}.Release|Any CPU.Build.0 = Release|Any CPU
		{5A1CFAC8-93AD-4DA5-BB2D-A544C0A9DC99}.Debug|Any CPU.ActiveCfg = Debug|Any CPU
		{5A1CFAC8-93AD-4DA5-BB2D-A544C0A9DC99}.Debug|Any CPU.Build.0 = Debug|Any CPU
		{5A1CFAC8-93AD-4DA5-BB2D-A544C0A9DC99}.Release|Any CPU.ActiveCfg = Release|Any CPU
		{5A1CFAC8-93AD-4DA5-BB2D-A544C0A9DC99}.Release|Any CPU.Build.0 = Release|Any CPU
		{B553FFD6-AFB0-465E-94AD-31D9866ED08B}.Debug|Any CPU.ActiveCfg = Debug|Any CPU
		{B553FFD6-AFB0-465E-94AD-31D9866ED08B}.Debug|Any CPU.Build.0 = Debug|Any CPU
		{B553FFD6-AFB0-465E-94AD-31D9866ED08B}.Release|Any CPU.ActiveCfg = Release|Any CPU
		{B553FFD6-AFB0-465E-94AD-31D9866ED08B}.Release|Any CPU.Build.0 = Release|Any CPU
		{13183AD6-F60E-45FF-AC87-E9E1D59C41D8}.Debug|Any CPU.ActiveCfg = Debug|Any CPU
		{13183AD6-F60E-45FF-AC87-E9E1D59C41D8}.Debug|Any CPU.Build.0 = Debug|Any CPU
		{13183AD6-F60E-45FF-AC87-E9E1D59C41D8}.Release|Any CPU.ActiveCfg = Release|Any CPU
		{13183AD6-F60E-45FF-AC87-E9E1D59C41D8}.Release|Any CPU.Build.0 = Release|Any CPU
		{7E71CCE1-E4F4-49A2-911C-ECCDD8497FFE}.Debug|Any CPU.ActiveCfg = Debug|Any CPU
		{7E71CCE1-E4F4-49A2-911C-ECCDD8497FFE}.Debug|Any CPU.Build.0 = Debug|Any CPU
		{7E71CCE1-E4F4-49A2-911C-ECCDD8497FFE}.Release|Any CPU.ActiveCfg = Release|Any CPU
		{7E71CCE1-E4F4-49A2-911C-ECCDD8497FFE}.Release|Any CPU.Build.0 = Release|Any CPU
		{EB36FAEB-F5F7-4C1B-B9FC-BADB286A7164}.Debug|Any CPU.ActiveCfg = Debug|Any CPU
		{EB36FAEB-F5F7-4C1B-B9FC-BADB286A7164}.Debug|Any CPU.Build.0 = Debug|Any CPU
		{EB36FAEB-F5F7-4C1B-B9FC-BADB286A7164}.Release|Any CPU.ActiveCfg = Release|Any CPU
		{EB36FAEB-F5F7-4C1B-B9FC-BADB286A7164}.Release|Any CPU.Build.0 = Release|Any CPU
		{548AA887-8A31-4A06-B501-015BD1B09340}.Debug|Any CPU.ActiveCfg = Debug|Any CPU
		{548AA887-8A31-4A06-B501-015BD1B09340}.Debug|Any CPU.Build.0 = Debug|Any CPU
		{548AA887-8A31-4A06-B501-015BD1B09340}.Release|Any CPU.ActiveCfg = Release|Any CPU
		{548AA887-8A31-4A06-B501-015BD1B09340}.Release|Any CPU.Build.0 = Release|Any CPU
		{DAA3340D-417A-4FAC-9180-E6EEA7DD2F24}.Debug|Any CPU.ActiveCfg = Debug|Any CPU
		{DAA3340D-417A-4FAC-9180-E6EEA7DD2F24}.Debug|Any CPU.Build.0 = Debug|Any CPU
		{DAA3340D-417A-4FAC-9180-E6EEA7DD2F24}.Release|Any CPU.ActiveCfg = Release|Any CPU
		{DAA3340D-417A-4FAC-9180-E6EEA7DD2F24}.Release|Any CPU.Build.0 = Release|Any CPU
		{D4A03E68-E33F-43A0-A498-077190D70723}.Debug|Any CPU.ActiveCfg = Debug|Any CPU
		{D4A03E68-E33F-43A0-A498-077190D70723}.Debug|Any CPU.Build.0 = Debug|Any CPU
		{D4A03E68-E33F-43A0-A498-077190D70723}.Release|Any CPU.ActiveCfg = Release|Any CPU
		{D4A03E68-E33F-43A0-A498-077190D70723}.Release|Any CPU.Build.0 = Release|Any CPU
		{F7525440-FB0E-48AA-8E2E-DB4E79CCE390}.Debug|Any CPU.ActiveCfg = Debug|Any CPU
		{F7525440-FB0E-48AA-8E2E-DB4E79CCE390}.Debug|Any CPU.Build.0 = Debug|Any CPU
		{F7525440-FB0E-48AA-8E2E-DB4E79CCE390}.Release|Any CPU.ActiveCfg = Release|Any CPU
		{F7525440-FB0E-48AA-8E2E-DB4E79CCE390}.Release|Any CPU.Build.0 = Release|Any CPU
		{5B75E430-77EF-4CC4-90D9-D9DC81E6CD0B}.Debug|Any CPU.ActiveCfg = Debug|Any CPU
		{5B75E430-77EF-4CC4-90D9-D9DC81E6CD0B}.Debug|Any CPU.Build.0 = Debug|Any CPU
		{5B75E430-77EF-4CC4-90D9-D9DC81E6CD0B}.Release|Any CPU.ActiveCfg = Release|Any CPU
		{5B75E430-77EF-4CC4-90D9-D9DC81E6CD0B}.Release|Any CPU.Build.0 = Release|Any CPU
		{F0CD630D-124B-458D-BE01-429B4969E169}.Debug|Any CPU.ActiveCfg = Debug|Any CPU
		{F0CD630D-124B-458D-BE01-429B4969E169}.Debug|Any CPU.Build.0 = Debug|Any CPU
		{F0CD630D-124B-458D-BE01-429B4969E169}.Release|Any CPU.ActiveCfg = Release|Any CPU
		{F0CD630D-124B-458D-BE01-429B4969E169}.Release|Any CPU.Build.0 = Release|Any CPU
		{FA150292-D2FF-4154-A665-C82232A94626}.Debug|Any CPU.ActiveCfg = Debug|Any CPU
		{FA150292-D2FF-4154-A665-C82232A94626}.Debug|Any CPU.Build.0 = Debug|Any CPU
		{FA150292-D2FF-4154-A665-C82232A94626}.Release|Any CPU.ActiveCfg = Release|Any CPU
		{FA150292-D2FF-4154-A665-C82232A94626}.Release|Any CPU.Build.0 = Release|Any CPU
		{E0251AC7-0816-4E9E-ACDE-B17AD1F32587}.Debug|Any CPU.ActiveCfg = Debug|Any CPU
		{E0251AC7-0816-4E9E-ACDE-B17AD1F32587}.Debug|Any CPU.Build.0 = Debug|Any CPU
		{E0251AC7-0816-4E9E-ACDE-B17AD1F32587}.Release|Any CPU.ActiveCfg = Release|Any CPU
		{E0251AC7-0816-4E9E-ACDE-B17AD1F32587}.Release|Any CPU.Build.0 = Release|Any CPU
		{E0AD5A20-4E87-40B9-86F6-E6803D7279F9}.Debug|Any CPU.ActiveCfg = Debug|Any CPU
		{E0AD5A20-4E87-40B9-86F6-E6803D7279F9}.Debug|Any CPU.Build.0 = Debug|Any CPU
		{E0AD5A20-4E87-40B9-86F6-E6803D7279F9}.Release|Any CPU.ActiveCfg = Release|Any CPU
		{E0AD5A20-4E87-40B9-86F6-E6803D7279F9}.Release|Any CPU.Build.0 = Release|Any CPU
		{7FC9D030-76A0-4ADF-AE16-32609D469CE8}.Debug|Any CPU.ActiveCfg = Debug|Any CPU
		{7FC9D030-76A0-4ADF-AE16-32609D469CE8}.Debug|Any CPU.Build.0 = Debug|Any CPU
		{7FC9D030-76A0-4ADF-AE16-32609D469CE8}.Release|Any CPU.ActiveCfg = Release|Any CPU
		{7FC9D030-76A0-4ADF-AE16-32609D469CE8}.Release|Any CPU.Build.0 = Release|Any CPU
		{A302DEA3-750F-48C0-A796-7D6A11780618}.Debug|Any CPU.ActiveCfg = Debug|Any CPU
		{A302DEA3-750F-48C0-A796-7D6A11780618}.Debug|Any CPU.Build.0 = Debug|Any CPU
		{A302DEA3-750F-48C0-A796-7D6A11780618}.Release|Any CPU.ActiveCfg = Release|Any CPU
		{A302DEA3-750F-48C0-A796-7D6A11780618}.Release|Any CPU.Build.0 = Release|Any CPU
		{2C9A56C8-E2CE-4EA6-9AF1-21ED288A7FA3}.Debug|Any CPU.ActiveCfg = Debug|Any CPU
		{2C9A56C8-E2CE-4EA6-9AF1-21ED288A7FA3}.Debug|Any CPU.Build.0 = Debug|Any CPU
		{2C9A56C8-E2CE-4EA6-9AF1-21ED288A7FA3}.Release|Any CPU.ActiveCfg = Release|Any CPU
		{2C9A56C8-E2CE-4EA6-9AF1-21ED288A7FA3}.Release|Any CPU.Build.0 = Release|Any CPU
		{2FF45F51-A237-4D97-BD8D-182B815D4B1E}.Debug|Any CPU.ActiveCfg = Debug|Any CPU
		{2FF45F51-A237-4D97-BD8D-182B815D4B1E}.Debug|Any CPU.Build.0 = Debug|Any CPU
		{2FF45F51-A237-4D97-BD8D-182B815D4B1E}.Release|Any CPU.ActiveCfg = Release|Any CPU
		{2FF45F51-A237-4D97-BD8D-182B815D4B1E}.Release|Any CPU.Build.0 = Release|Any CPU
		{700258E3-28A3-411C-8E83-F4CF200FEDC0}.Debug|Any CPU.ActiveCfg = Debug|Any CPU
		{700258E3-28A3-411C-8E83-F4CF200FEDC0}.Debug|Any CPU.Build.0 = Debug|Any CPU
		{700258E3-28A3-411C-8E83-F4CF200FEDC0}.Release|Any CPU.ActiveCfg = Release|Any CPU
		{700258E3-28A3-411C-8E83-F4CF200FEDC0}.Release|Any CPU.Build.0 = Release|Any CPU
		{246BCE68-EE65-441B-9637-864BB6B2534B}.Debug|Any CPU.ActiveCfg = Debug|Any CPU
		{246BCE68-EE65-441B-9637-864BB6B2534B}.Debug|Any CPU.Build.0 = Debug|Any CPU
		{246BCE68-EE65-441B-9637-864BB6B2534B}.Release|Any CPU.ActiveCfg = Release|Any CPU
		{246BCE68-EE65-441B-9637-864BB6B2534B}.Release|Any CPU.Build.0 = Release|Any CPU
		{4DC0BEBF-4A9E-437C-8DDA-C906E4840A70}.Debug|Any CPU.ActiveCfg = Debug|Any CPU
		{4DC0BEBF-4A9E-437C-8DDA-C906E4840A70}.Debug|Any CPU.Build.0 = Debug|Any CPU
		{4DC0BEBF-4A9E-437C-8DDA-C906E4840A70}.Release|Any CPU.ActiveCfg = Release|Any CPU
		{4DC0BEBF-4A9E-437C-8DDA-C906E4840A70}.Release|Any CPU.Build.0 = Release|Any CPU
		{EC4DD138-9686-4421-9665-B8108B2F7CCE}.Debug|Any CPU.ActiveCfg = Debug|Any CPU
		{EC4DD138-9686-4421-9665-B8108B2F7CCE}.Debug|Any CPU.Build.0 = Debug|Any CPU
		{EC4DD138-9686-4421-9665-B8108B2F7CCE}.Release|Any CPU.ActiveCfg = Release|Any CPU
		{EC4DD138-9686-4421-9665-B8108B2F7CCE}.Release|Any CPU.Build.0 = Release|Any CPU
		{57DEC62C-5EB3-46B0-942F-B2C7429AB562}.Debug|Any CPU.ActiveCfg = Debug|Any CPU
		{57DEC62C-5EB3-46B0-942F-B2C7429AB562}.Debug|Any CPU.Build.0 = Debug|Any CPU
		{57DEC62C-5EB3-46B0-942F-B2C7429AB562}.Release|Any CPU.ActiveCfg = Release|Any CPU
		{57DEC62C-5EB3-46B0-942F-B2C7429AB562}.Release|Any CPU.Build.0 = Release|Any CPU
		{76A5309E-2774-45D1-B89A-1E3F1EA28ED8}.Debug|Any CPU.ActiveCfg = Debug|Any CPU
		{76A5309E-2774-45D1-B89A-1E3F1EA28ED8}.Debug|Any CPU.Build.0 = Debug|Any CPU
		{76A5309E-2774-45D1-B89A-1E3F1EA28ED8}.Release|Any CPU.ActiveCfg = Release|Any CPU
		{76A5309E-2774-45D1-B89A-1E3F1EA28ED8}.Release|Any CPU.Build.0 = Release|Any CPU
		{49FA9970-B45F-4F41-96E7-F9BFBFDBDBAB}.Debug|Any CPU.ActiveCfg = Debug|Any CPU
		{49FA9970-B45F-4F41-96E7-F9BFBFDBDBAB}.Debug|Any CPU.Build.0 = Debug|Any CPU
		{49FA9970-B45F-4F41-96E7-F9BFBFDBDBAB}.Release|Any CPU.ActiveCfg = Release|Any CPU
		{49FA9970-B45F-4F41-96E7-F9BFBFDBDBAB}.Release|Any CPU.Build.0 = Release|Any CPU
	EndGlobalSection
	GlobalSection(SolutionProperties) = preSolution
		HideSolutionNode = FALSE
	EndGlobalSection
	GlobalSection(ExtensibilityGlobals) = postSolution
		SolutionGuid = {FA152628-48E3-4AAA-8D3F-0B03A00A3B90}
	EndGlobalSection
EndGlobal
