
Microsoft Visual Studio Solution File, Format Version 12.00
# Visual Studio 15
VisualStudioVersion = 15.0.27428.2043
MinimumVisualStudioVersion = 10.0.40219.1
Project("{9A19103F-16F7-4668-BE54-9A1E7A4F7556}") = "Ex01 Convert Base10 to BaseN", "Ex01 Convert Base10 to BaseN\Ex01 Convert Base10 to BaseN.csproj", "{B157794B-1D17-4004-827F-DFE70700AA32}"
EndProject
Project("{9A19103F-16F7-4668-BE54-9A1E7A4F7556}") = "Ex02 Convert Base-N ot Base-10", "Ex02 Convert Base-N ot Base-10\Ex02 Convert Base-N ot Base-10.csproj", "{C113DE9B-5FC7-4D50-ABA9-6D5CA9F3ECCF}"
EndProject
Project("{9A19103F-16F7-4668-BE54-9A1E7A4F7556}") = "Ex03 Unicode Caracters", "Ex03 Unicode Caracters\Ex03 Unicode Caracters.csproj", "{E222AE7B-FB3A-47D9-8D82-1CC60E0E1AC7}"
EndProject
Project("{9A19103F-16F7-4668-BE54-9A1E7A4F7556}") = "Ex04 Character Multiplier", "Ex04 Character Multiplier\Ex04 Character Multiplier.csproj", "{EC6D8753-A723-4CF3-B4EA-CEDA05A58623}"
EndProject
Project("{9A19103F-16F7-4668-BE54-9A1E7A4F7556}") = "Ex05 Magic Exchangable Words", "Ex05 Magic Exchangable Words\Ex05 Magic Exchangable Words.csproj", "{CF0B65BF-1116-41B1-8174-587D4FDBAE02}"
EndProject
Project("{9A19103F-16F7-4668-BE54-9A1E7A4F7556}") = "Ex07 Multiply Big Number", "Ex07 Multiply Big Number\Ex07 Multiply Big Number.csproj", "{CEFEEE27-9203-4704-B5CF-0F24EFFBB86B}"
EndProject
Project("{9A19103F-16F7-4668-BE54-9A1E7A4F7556}") = "Ex08 Letters Change Numbers", "Ex08 Letters Change Numbers\Ex08 Letters Change Numbers.csproj", "{7494C456-5805-4B1A-9E79-8B8790425398}"
EndProject
Project("{9A19103F-16F7-4668-BE54-9A1E7A4F7556}") = "Ex07 Multiply Big Nums Try_Catch", "Ex07 Multiply Big Nums Try_Catch\Ex07 Multiply Big Nums Try_Catch.csproj", "{4DFA32AF-E94C-4C29-824B-F538F324C68D}"
EndProject
Project("{9A19103F-16F7-4668-BE54-9A1E7A4F7556}") = "Ex06 Sum Big Numbers", "Ex06 Sum Big Numbers\Ex06 Sum Big Numbers.csproj", "{9C9C34FC-C6DE-4FFC-A6F3-74FDBA732745}"
EndProject
Project("{9A19103F-16F7-4668-BE54-9A1E7A4F7556}") = "Ex06 SumBigNum var 2", "Ex06 SumBigNum var 2\Ex06 SumBigNum var 2.csproj", "{6825F3E2-A2BB-47C5-AAD3-50FB661A8A59}"
EndProject
Project("{9A19103F-16F7-4668-BE54-9A1E7A4F7556}") = "Ex09 Melrah Shake", "Ex09 Melrah Shake\Ex09 Melrah Shake.csproj", "{8BCDF6F3-748C-473D-B236-04066836A255}"
EndProject
Project("{9A19103F-16F7-4668-BE54-9A1E7A4F7556}") = "Ex01 Convert Base10 to BaseN var2", "Ex01 Convert Base10 to BaseN var2\Ex01 Convert Base10 to BaseN var2.csproj", "{A089A85D-522D-44E9-AD7E-37E617039CFA}"
EndProject
Project("{9A19103F-16F7-4668-BE54-9A1E7A4F7556}") = "Ex04_CharacterMultiplier_var2", "Ex04_CharacterMultiplier_var2\Ex04_CharacterMultiplier_var2.csproj", "{56055BA9-BD4A-4AB2-B43D-92282B0B0601}"
EndProject
Global
	GlobalSection(SolutionConfigurationPlatforms) = preSolution
		Debug|Any CPU = Debug|Any CPU
		Release|Any CPU = Release|Any CPU
	EndGlobalSection
	GlobalSection(ProjectConfigurationPlatforms) = postSolution
		{B157794B-1D17-4004-827F-DFE70700AA32}.Debug|Any CPU.ActiveCfg = Debug|Any CPU
		{B157794B-1D17-4004-827F-DFE70700AA32}.Debug|Any CPU.Build.0 = Debug|Any CPU
		{B157794B-1D17-4004-827F-DFE70700AA32}.Release|Any CPU.ActiveCfg = Release|Any CPU
		{B157794B-1D17-4004-827F-DFE70700AA32}.Release|Any CPU.Build.0 = Release|Any CPU
		{C113DE9B-5FC7-4D50-ABA9-6D5CA9F3ECCF}.Debug|Any CPU.ActiveCfg = Debug|Any CPU
		{C113DE9B-5FC7-4D50-ABA9-6D5CA9F3ECCF}.Debug|Any CPU.Build.0 = Debug|Any CPU
		{C113DE9B-5FC7-4D50-ABA9-6D5CA9F3ECCF}.Release|Any CPU.ActiveCfg = Release|Any CPU
		{C113DE9B-5FC7-4D50-ABA9-6D5CA9F3ECCF}.Release|Any CPU.Build.0 = Release|Any CPU
		{E222AE7B-FB3A-47D9-8D82-1CC60E0E1AC7}.Debug|Any CPU.ActiveCfg = Debug|Any CPU
		{E222AE7B-FB3A-47D9-8D82-1CC60E0E1AC7}.Debug|Any CPU.Build.0 = Debug|Any CPU
		{E222AE7B-FB3A-47D9-8D82-1CC60E0E1AC7}.Release|Any CPU.ActiveCfg = Release|Any CPU
		{E222AE7B-FB3A-47D9-8D82-1CC60E0E1AC7}.Release|Any CPU.Build.0 = Release|Any CPU
		{EC6D8753-A723-4CF3-B4EA-CEDA05A58623}.Debug|Any CPU.ActiveCfg = Debug|Any CPU
		{EC6D8753-A723-4CF3-B4EA-CEDA05A58623}.Debug|Any CPU.Build.0 = Debug|Any CPU
		{EC6D8753-A723-4CF3-B4EA-CEDA05A58623}.Release|Any CPU.ActiveCfg = Release|Any CPU
		{EC6D8753-A723-4CF3-B4EA-CEDA05A58623}.Release|Any CPU.Build.0 = Release|Any CPU
		{CF0B65BF-1116-41B1-8174-587D4FDBAE02}.Debug|Any CPU.ActiveCfg = Debug|Any CPU
		{CF0B65BF-1116-41B1-8174-587D4FDBAE02}.Debug|Any CPU.Build.0 = Debug|Any CPU
		{CF0B65BF-1116-41B1-8174-587D4FDBAE02}.Release|Any CPU.ActiveCfg = Release|Any CPU
		{CF0B65BF-1116-41B1-8174-587D4FDBAE02}.Release|Any CPU.Build.0 = Release|Any CPU
		{CEFEEE27-9203-4704-B5CF-0F24EFFBB86B}.Debug|Any CPU.ActiveCfg = Debug|Any CPU
		{CEFEEE27-9203-4704-B5CF-0F24EFFBB86B}.Debug|Any CPU.Build.0 = Debug|Any CPU
		{CEFEEE27-9203-4704-B5CF-0F24EFFBB86B}.Release|Any CPU.ActiveCfg = Release|Any CPU
		{CEFEEE27-9203-4704-B5CF-0F24EFFBB86B}.Release|Any CPU.Build.0 = Release|Any CPU
		{7494C456-5805-4B1A-9E79-8B8790425398}.Debug|Any CPU.ActiveCfg = Debug|Any CPU
		{7494C456-5805-4B1A-9E79-8B8790425398}.Debug|Any CPU.Build.0 = Debug|Any CPU
		{7494C456-5805-4B1A-9E79-8B8790425398}.Release|Any CPU.ActiveCfg = Release|Any CPU
		{7494C456-5805-4B1A-9E79-8B8790425398}.Release|Any CPU.Build.0 = Release|Any CPU
		{4DFA32AF-E94C-4C29-824B-F538F324C68D}.Debug|Any CPU.ActiveCfg = Debug|Any CPU
		{4DFA32AF-E94C-4C29-824B-F538F324C68D}.Debug|Any CPU.Build.0 = Debug|Any CPU
		{4DFA32AF-E94C-4C29-824B-F538F324C68D}.Release|Any CPU.ActiveCfg = Release|Any CPU
		{4DFA32AF-E94C-4C29-824B-F538F324C68D}.Release|Any CPU.Build.0 = Release|Any CPU
		{9C9C34FC-C6DE-4FFC-A6F3-74FDBA732745}.Debug|Any CPU.ActiveCfg = Debug|Any CPU
		{9C9C34FC-C6DE-4FFC-A6F3-74FDBA732745}.Debug|Any CPU.Build.0 = Debug|Any CPU
		{9C9C34FC-C6DE-4FFC-A6F3-74FDBA732745}.Release|Any CPU.ActiveCfg = Release|Any CPU
		{9C9C34FC-C6DE-4FFC-A6F3-74FDBA732745}.Release|Any CPU.Build.0 = Release|Any CPU
		{6825F3E2-A2BB-47C5-AAD3-50FB661A8A59}.Debug|Any CPU.ActiveCfg = Debug|Any CPU
		{6825F3E2-A2BB-47C5-AAD3-50FB661A8A59}.Debug|Any CPU.Build.0 = Debug|Any CPU
		{6825F3E2-A2BB-47C5-AAD3-50FB661A8A59}.Release|Any CPU.ActiveCfg = Release|Any CPU
		{6825F3E2-A2BB-47C5-AAD3-50FB661A8A59}.Release|Any CPU.Build.0 = Release|Any CPU
		{8BCDF6F3-748C-473D-B236-04066836A255}.Debug|Any CPU.ActiveCfg = Debug|Any CPU
		{8BCDF6F3-748C-473D-B236-04066836A255}.Debug|Any CPU.Build.0 = Debug|Any CPU
		{8BCDF6F3-748C-473D-B236-04066836A255}.Release|Any CPU.ActiveCfg = Release|Any CPU
		{8BCDF6F3-748C-473D-B236-04066836A255}.Release|Any CPU.Build.0 = Release|Any CPU
		{A089A85D-522D-44E9-AD7E-37E617039CFA}.Debug|Any CPU.ActiveCfg = Debug|Any CPU
		{A089A85D-522D-44E9-AD7E-37E617039CFA}.Debug|Any CPU.Build.0 = Debug|Any CPU
		{A089A85D-522D-44E9-AD7E-37E617039CFA}.Release|Any CPU.ActiveCfg = Release|Any CPU
		{A089A85D-522D-44E9-AD7E-37E617039CFA}.Release|Any CPU.Build.0 = Release|Any CPU
		{56055BA9-BD4A-4AB2-B43D-92282B0B0601}.Debug|Any CPU.ActiveCfg = Debug|Any CPU
		{56055BA9-BD4A-4AB2-B43D-92282B0B0601}.Debug|Any CPU.Build.0 = Debug|Any CPU
		{56055BA9-BD4A-4AB2-B43D-92282B0B0601}.Release|Any CPU.ActiveCfg = Release|Any CPU
		{56055BA9-BD4A-4AB2-B43D-92282B0B0601}.Release|Any CPU.Build.0 = Release|Any CPU
	EndGlobalSection
	GlobalSection(SolutionProperties) = preSolution
		HideSolutionNode = FALSE
	EndGlobalSection
	GlobalSection(ExtensibilityGlobals) = postSolution
		SolutionGuid = {24E8ED90-63F4-48C1-AD9E-AEE4C1FE8101}
	EndGlobalSection
EndGlobal
